
Microsoft Visual Studio Solution File, Format Version 12.00
# Visual Studio Version 16
VisualStudioVersion = 16.0.31911.196
MinimumVisualStudioVersion = 10.0.40219.1
Project("{FAE04EC0-301F-11D3-BF4B-00C04F79EFBC}") = "DeckShuffleApp", "DeckShuffleApp\DeckShuffleApp.csproj", "{1215F44B-E506-4996-8C74-6B3C9B561167}"
EndProject
Global
	GlobalSection(SolutionConfigurationPlatforms) = preSolution
		Debug|Any CPU = Debug|Any CPU
		Release|Any CPU = Release|Any CPU
	EndGlobalSection
	GlobalSection(ProjectConfigurationPlatforms) = postSolution
		{1215F44B-E506-4996-8C74-6B3C9B561167}.Debug|Any CPU.ActiveCfg = Debug|Any CPU
		{1215F44B-E506-4996-8C74-6B3C9B561167}.Debug|Any CPU.Build.0 = Debug|Any CPU
		{1215F44B-E506-4996-8C74-6B3C9B561167}.Release|Any CPU.ActiveCfg = Release|Any CPU
		{1215F44B-E506-4996-8C74-6B3C9B561167}.Release|Any CPU.Build.0 = Release|Any CPU
	EndGlobalSection
	GlobalSection(SolutionProperties) = preSolution
		HideSolutionNode = FALSE
	EndGlobalSection
	GlobalSection(ExtensibilityGlobals) = postSolution
		SolutionGuid = {0B6304DD-F06C-4D5F-B211-4ADCB541F227}
	EndGlobalSection
EndGlobal
