
Microsoft Visual Studio Solution File, Format Version 12.00
# Visual Studio Version 16
VisualStudioVersion = 16.0.31911.196
MinimumVisualStudioVersion = 10.0.40219.1
Project("{FAE04EC0-301F-11D3-BF4B-00C04F79EFBC}") = "PayRollGUI", "PayRollGUI\PayRollGUI.csproj", "{5BF46FCC-5254-4A72-AC67-C70C8951CEC5}"
EndProject
Project("{FAE04EC0-301F-11D3-BF4B-00C04F79EFBC}") = "EmployeeClasses", "EmployeeClasses\EmployeeClasses.csproj", "{7E1190B9-46C3-456C-9CD9-26AFF8B8C7C4}"
EndProject
Global
	GlobalSection(SolutionConfigurationPlatforms) = preSolution
		Debug|Any CPU = Debug|Any CPU
		Release|Any CPU = Release|Any CPU
	EndGlobalSection
	GlobalSection(ProjectConfigurationPlatforms) = postSolution
		{5BF46FCC-5254-4A72-AC67-C70C8951CEC5}.Debug|Any CPU.ActiveCfg = Debug|Any CPU
		{5BF46FCC-5254-4A72-AC67-C70C8951CEC5}.Debug|Any CPU.Build.0 = Debug|Any CPU
		{5BF46FCC-5254-4A72-AC67-C70C8951CEC5}.Release|Any CPU.ActiveCfg = Release|Any CPU
		{5BF46FCC-5254-4A72-AC67-C70C8951CEC5}.Release|Any CPU.Build.0 = Release|Any CPU
		{7E1190B9-46C3-456C-9CD9-26AFF8B8C7C4}.Debug|Any CPU.ActiveCfg = Debug|Any CPU
		{7E1190B9-46C3-456C-9CD9-26AFF8B8C7C4}.Debug|Any CPU.Build.0 = Debug|Any CPU
		{7E1190B9-46C3-456C-9CD9-26AFF8B8C7C4}.Release|Any CPU.ActiveCfg = Release|Any CPU
		{7E1190B9-46C3-456C-9CD9-26AFF8B8C7C4}.Release|Any CPU.Build.0 = Release|Any CPU
	EndGlobalSection
	GlobalSection(SolutionProperties) = preSolution
		HideSolutionNode = FALSE
	EndGlobalSection
	GlobalSection(ExtensibilityGlobals) = postSolution
		SolutionGuid = {BE2A11F2-BF83-491C-B3CE-E9182703D0A3}
	EndGlobalSection
EndGlobal
