
Microsoft Visual Studio Solution File, Format Version 12.00
# Visual Studio Version 16
VisualStudioVersion = 16.0.31624.102
MinimumVisualStudioVersion = 10.0.40219.1
Project("{9A19103F-16F7-4668-BE54-9A1E7A4F7556}") = "ProductsGUI", "ProductsGUI\ProductsGUI.csproj", "{087CBF60-DCAB-43A8-BCC2-1B651FFC8377}"
EndProject
Project("{9A19103F-16F7-4668-BE54-9A1E7A4F7556}") = "ProductsData", "ProductsData\ProductsData.csproj", "{9DC5AECE-33F6-40B3-9F21-CF5AF5D5B32C}"
EndProject
Project("{FAE04EC0-301F-11D3-BF4B-00C04F79EFBC}") = "ProductsDataTests", "ProductsDataTests\ProductsDataTests.csproj", "{896DD163-8FB7-4307-81D5-14D3EC5637CA}"
EndProject
Global
	GlobalSection(SolutionConfigurationPlatforms) = preSolution
		Debug|Any CPU = Debug|Any CPU
		Release|Any CPU = Release|Any CPU
	EndGlobalSection
	GlobalSection(ProjectConfigurationPlatforms) = postSolution
		{087CBF60-DCAB-43A8-BCC2-1B651FFC8377}.Debug|Any CPU.ActiveCfg = Debug|Any CPU
		{087CBF60-DCAB-43A8-BCC2-1B651FFC8377}.Debug|Any CPU.Build.0 = Debug|Any CPU
		{087CBF60-DCAB-43A8-BCC2-1B651FFC8377}.Release|Any CPU.ActiveCfg = Release|Any CPU
		{087CBF60-DCAB-43A8-BCC2-1B651FFC8377}.Release|Any CPU.Build.0 = Release|Any CPU
		{9DC5AECE-33F6-40B3-9F21-CF5AF5D5B32C}.Debug|Any CPU.ActiveCfg = Debug|Any CPU
		{9DC5AECE-33F6-40B3-9F21-CF5AF5D5B32C}.Debug|Any CPU.Build.0 = Debug|Any CPU
		{9DC5AECE-33F6-40B3-9F21-CF5AF5D5B32C}.Release|Any CPU.ActiveCfg = Release|Any CPU
		{9DC5AECE-33F6-40B3-9F21-CF5AF5D5B32C}.Release|Any CPU.Build.0 = Release|Any CPU
		{896DD163-8FB7-4307-81D5-14D3EC5637CA}.Debug|Any CPU.ActiveCfg = Debug|Any CPU
		{896DD163-8FB7-4307-81D5-14D3EC5637CA}.Debug|Any CPU.Build.0 = Debug|Any CPU
		{896DD163-8FB7-4307-81D5-14D3EC5637CA}.Release|Any CPU.ActiveCfg = Release|Any CPU
		{896DD163-8FB7-4307-81D5-14D3EC5637CA}.Release|Any CPU.Build.0 = Release|Any CPU
	EndGlobalSection
	GlobalSection(SolutionProperties) = preSolution
		HideSolutionNode = FALSE
	EndGlobalSection
	GlobalSection(ExtensibilityGlobals) = postSolution
		SolutionGuid = {97EA1EA6-3694-43CB-BBF9-075404D7350D}
	EndGlobalSection
EndGlobal
